
Microsoft Visual Studio Solution File, Format Version 12.00
# Visual Studio Version 17
VisualStudioVersion = 17.0.31521.260
MinimumVisualStudioVersion = 10.0.40219.1
Project("{00D1A9C2-B5F0-4AF3-8072-F6C62B433612}") = "ParallelProcessing.SQL.SBA", "ParallelProcessing.SQL.SBA.sqlproj", "{185661BB-E188-4F75-8AAC-3958ABEC918D}"
EndProject
Global
	GlobalSection(SolutionConfigurationPlatforms) = preSolution
		Debug|Any CPU = Debug|Any CPU
		Release|Any CPU = Release|Any CPU
	EndGlobalSection
	GlobalSection(ProjectConfigurationPlatforms) = postSolution
		{185661BB-E188-4F75-8AAC-3958ABEC918D}.Debug|Any CPU.ActiveCfg = Debug|Any CPU
		{185661BB-E188-4F75-8AAC-3958ABEC918D}.Debug|Any CPU.Build.0 = Debug|Any CPU
		{185661BB-E188-4F75-8AAC-3958ABEC918D}.Debug|Any CPU.Deploy.0 = Debug|Any CPU
		{185661BB-E188-4F75-8AAC-3958ABEC918D}.Release|Any CPU.ActiveCfg = Release|Any CPU
		{185661BB-E188-4F75-8AAC-3958ABEC918D}.Release|Any CPU.Build.0 = Release|Any CPU
		{185661BB-E188-4F75-8AAC-3958ABEC918D}.Release|Any CPU.Deploy.0 = Release|Any CPU
	EndGlobalSection
	GlobalSection(SolutionProperties) = preSolution
		HideSolutionNode = FALSE
	EndGlobalSection
	GlobalSection(ExtensibilityGlobals) = postSolution
		SolutionGuid = {900A7893-2F5B-4154-A102-495274885A9C}
	EndGlobalSection
EndGlobal
